# This file is autogenerated, do not edit; changes may be undone by the next 'dep ensure'.


[[projects]]
  digest = "1:9ebdaf26c9ef6a4ddaf0815a8da7048e8cc2b4fdf76cb72737245e7230c44015"
  name = "github.com/confluentinc/confluent-kafka-go"
  packages = ["kafka"]
  pruneopts = ""
  revision = "f696f02dcbb04d95b103c5b848bb15f749a996f7"
  version = "v0.11.0"

[[projects]]
  branch = "master"
  digest = "1:5760827cb007d2cd3a7bb0e6f19824579251e8797a73ad2451caa769f0e4dbd5"
  name = "github.com/sfreiberg/gotwilio"
  packages = ["."]
  pruneopts = ""
  revision = "58125ef28e4b5d7ab5328593099ae8cac5fcf6a2"

[[projects]]
  branch = "master"
  digest = "1:f316d90051b5769e8c240a323859dfd8d2c9e1ffd4bf3aec65069689693c9b5e"
  name = "github.com/smancke/mailck"
  packages = ["."]
  pruneopts = ""
  revision = "c6381616ee9962c52662b94ea34dbecb50246c36"

[[projects]]
  branch = "v3"
  digest = "1:fa33d1dde8ce5b0b37c38c767c250a7684ecd385f9dbabe594ea8543e4d55807"
  name = "gopkg.in/alexcesaro/quotedprintable.v3"
  packages = ["."]
  pruneopts = ""
  revision = "2caba252f4dc53eaf6b553000885530023f54623"

[[projects]]
  digest = "1:cba75ccf02d7b1d508f860e1f579a986e6b94ccc26841d6dd67d18cd1196e132"
  name = "gopkg.in/gomail.v2"
  packages = ["."]
  pruneopts = ""
  revision = "41f3572897373c5538c50a2402db15db079fa4fd"
  version = "2.0.0"

[[projects]]
  branch = "v2"
  digest = "1:c80894778314c7fb90d94a5ab925214900e1341afeddc953cda7398b8cdcd006"
  name = "gopkg.in/mgo.v2"
  packages = [
    ".",
    "bson",
    "internal/json",
    "internal/sasl",
    "internal/scram",
  ]
  pruneopts = ""
  revision = "3f83fa5005286a7fe593b055f0d7771a7dce4655"

[solve-meta]
  analyzer-name = "dep"
  analyzer-version = 1
  input-imports = [
    "github.com/confluentinc/confluent-kafka-go/kafka",
    "github.com/sfreiberg/gotwilio",
    "github.com/smancke/mailck",
    "gopkg.in/gomail.v2",
    "gopkg.in/mgo.v2",
    "gopkg.in/mgo.v2/bson",
  ]
  solver-name = "gps-cdcl"
  solver-version = 1
