# This file is autogenerated, do not edit; changes may be undone by the next 'dep ensure'.


[[projects]]
  name = "github.com/confluentinc/confluent-kafka-go"
  packages = ["kafka"]
  revision = "f696f02dcbb04d95b103c5b848bb15f749a996f7"
  version = "v0.11.0"

[[projects]]
  branch = "master"
  name = "github.com/sfreiberg/gotwilio"
  packages = ["."]
  revision = "58125ef28e4b5d7ab5328593099ae8cac5fcf6a2"

[[projects]]
  branch = "master"
  name = "github.com/smancke/mailck"
  packages = ["."]
  revision = "c6381616ee9962c52662b94ea34dbecb50246c36"

[[projects]]
  branch = "v3"
  name = "gopkg.in/alexcesaro/quotedprintable.v3"
  packages = ["."]
  revision = "2caba252f4dc53eaf6b553000885530023f54623"

[[projects]]
  name = "gopkg.in/gomail.v2"
  packages = ["."]
  revision = "41f3572897373c5538c50a2402db15db079fa4fd"
  version = "2.0.0"

[[projects]]
  branch = "v2"
  name = "gopkg.in/mgo.v2"
  packages = [
    ".",
    "bson",
    "internal/json",
    "internal/sasl",
    "internal/scram"
  ]
  revision = "3f83fa5005286a7fe593b055f0d7771a7dce4655"

[solve-meta]
  analyzer-name = "dep"
  analyzer-version = 1
  inputs-digest = "132f7785fe601b0876f25ccf406ddc1a33f24932a2b9625d3a6497382896d030"
  solver-name = "gps-cdcl"
  solver-version = 1
